
Microsoft Visual Studio Solution File, Format Version 12.00
# Visual Studio 15
VisualStudioVersion = 15.0.27004.2008
MinimumVisualStudioVersion = 10.0.40219.1
Project("{FAE04EC0-301F-11D3-BF4B-00C04F79EFBC}") = "Vidurio_Kurso_Atsiskaitymas_1", "Vidurio_Kurso_Atsiskaitymas_1\Vidurio_Kurso_Atsiskaitymas_1.csproj", "{84CCA66B-9115-40DE-89E3-E9C443F11771}"
EndProject
Project("{FAE04EC0-301F-11D3-BF4B-00C04F79EFBC}") = "Vidurio_Kurso_Atsiskaitymas_2", "Vidurio_Kurso_Atsiskaitymas_2\Vidurio_Kurso_Atsiskaitymas_2.csproj", "{BB9EAD84-E43F-4170-8967-57488BD1661B}"
EndProject
Project("{FAE04EC0-301F-11D3-BF4B-00C04F79EFBC}") = "Vidurio_Kurso_Atsiskaitymas_3", "Vidurio_Kurso_Atsiskaitymas_3\Vidurio_Kurso_Atsiskaitymas_3.csproj", "{73D6E763-FE66-4D59-AE20-DB0FBB8DDF47}"
EndProject
Project("{FAE04EC0-301F-11D3-BF4B-00C04F79EFBC}") = "Vidurio_Kurso_Atsiskaitymas_5", "Vidurio_Kurso_Atsiskaitymas_5\Vidurio_Kurso_Atsiskaitymas_5.csproj", "{BE96B76F-397E-4556-8DAC-B5A240634218}"
EndProject
Project("{FAE04EC0-301F-11D3-BF4B-00C04F79EFBC}") = "Vidurio_Kurs0_Atsiskaitymas_4", "Vidurio_Kurs0_Atsiskaitymas_4\Vidurio_Kurs0_Atsiskaitymas_4.csproj", "{F4C72186-AE49-470D-A6DE-47497DF0CA21}"
EndProject
Global
	GlobalSection(SolutionConfigurationPlatforms) = preSolution
		Debug|Any CPU = Debug|Any CPU
		Release|Any CPU = Release|Any CPU
	EndGlobalSection
	GlobalSection(ProjectConfigurationPlatforms) = postSolution
		{84CCA66B-9115-40DE-89E3-E9C443F11771}.Debug|Any CPU.ActiveCfg = Debug|Any CPU
		{84CCA66B-9115-40DE-89E3-E9C443F11771}.Debug|Any CPU.Build.0 = Debug|Any CPU
		{84CCA66B-9115-40DE-89E3-E9C443F11771}.Release|Any CPU.ActiveCfg = Release|Any CPU
		{84CCA66B-9115-40DE-89E3-E9C443F11771}.Release|Any CPU.Build.0 = Release|Any CPU
		{BB9EAD84-E43F-4170-8967-57488BD1661B}.Debug|Any CPU.ActiveCfg = Debug|Any CPU
		{BB9EAD84-E43F-4170-8967-57488BD1661B}.Debug|Any CPU.Build.0 = Debug|Any CPU
		{BB9EAD84-E43F-4170-8967-57488BD1661B}.Release|Any CPU.ActiveCfg = Release|Any CPU
		{BB9EAD84-E43F-4170-8967-57488BD1661B}.Release|Any CPU.Build.0 = Release|Any CPU
		{73D6E763-FE66-4D59-AE20-DB0FBB8DDF47}.Debug|Any CPU.ActiveCfg = Debug|Any CPU
		{73D6E763-FE66-4D59-AE20-DB0FBB8DDF47}.Debug|Any CPU.Build.0 = Debug|Any CPU
		{73D6E763-FE66-4D59-AE20-DB0FBB8DDF47}.Release|Any CPU.ActiveCfg = Release|Any CPU
		{73D6E763-FE66-4D59-AE20-DB0FBB8DDF47}.Release|Any CPU.Build.0 = Release|Any CPU
		{BE96B76F-397E-4556-8DAC-B5A240634218}.Debug|Any CPU.ActiveCfg = Debug|Any CPU
		{BE96B76F-397E-4556-8DAC-B5A240634218}.Debug|Any CPU.Build.0 = Debug|Any CPU
		{BE96B76F-397E-4556-8DAC-B5A240634218}.Release|Any CPU.ActiveCfg = Release|Any CPU
		{BE96B76F-397E-4556-8DAC-B5A240634218}.Release|Any CPU.Build.0 = Release|Any CPU
		{F4C72186-AE49-470D-A6DE-47497DF0CA21}.Debug|Any CPU.ActiveCfg = Debug|Any CPU
		{F4C72186-AE49-470D-A6DE-47497DF0CA21}.Debug|Any CPU.Build.0 = Debug|Any CPU
		{F4C72186-AE49-470D-A6DE-47497DF0CA21}.Release|Any CPU.ActiveCfg = Release|Any CPU
		{F4C72186-AE49-470D-A6DE-47497DF0CA21}.Release|Any CPU.Build.0 = Release|Any CPU
	EndGlobalSection
	GlobalSection(SolutionProperties) = preSolution
		HideSolutionNode = FALSE
	EndGlobalSection
	GlobalSection(ExtensibilityGlobals) = postSolution
		SolutionGuid = {545CED4B-24E4-4A38-9711-1D6913DABF85}
	EndGlobalSection
EndGlobal
